
Microsoft Visual Studio Solution File, Format Version 12.00
# Visual Studio Version 17
VisualStudioVersion = 17.8.34511.84
MinimumVisualStudioVersion = 10.0.40219.1
Project("{9A19103F-16F7-4668-BE54-9A1E7A4F7556}") = "Calculos", "Calculos.csproj", "{6BA29076-4263-4654-BAA3-0B8CFFC84095}"
EndProject
Project("{9A19103F-16F7-4668-BE54-9A1E7A4F7556}") = "Calculos.Test", "..\Calculos.Test\Calculos.Test.csproj", "{89D0C58C-ECCE-443E-B7D3-2572D20E13BF}"
EndProject
Project("{FAE04EC0-301F-11D3-BF4B-00C04F79EFBC}") = "Exercicios", "..\Exercicios\Exercicios.csproj", "{C94BE4EA-A1F7-4B04-AAE2-622E876B24D8}"
EndProject
Project("{FAE04EC0-301F-11D3-BF4B-00C04F79EFBC}") = "Exercicios.Test", "..\Exercicios.Test\Exercicios.Test.csproj", "{FF50BFAE-9521-43D7-A979-87B7CFC80997}"
EndProject
Global
	GlobalSection(SolutionConfigurationPlatforms) = preSolution
		Debug|Any CPU = Debug|Any CPU
		Release|Any CPU = Release|Any CPU
	EndGlobalSection
	GlobalSection(ProjectConfigurationPlatforms) = postSolution
		{6BA29076-4263-4654-BAA3-0B8CFFC84095}.Debug|Any CPU.ActiveCfg = Debug|Any CPU
		{6BA29076-4263-4654-BAA3-0B8CFFC84095}.Debug|Any CPU.Build.0 = Debug|Any CPU
		{6BA29076-4263-4654-BAA3-0B8CFFC84095}.Release|Any CPU.ActiveCfg = Release|Any CPU
		{6BA29076-4263-4654-BAA3-0B8CFFC84095}.Release|Any CPU.Build.0 = Release|Any CPU
		{89D0C58C-ECCE-443E-B7D3-2572D20E13BF}.Debug|Any CPU.ActiveCfg = Debug|Any CPU
		{89D0C58C-ECCE-443E-B7D3-2572D20E13BF}.Debug|Any CPU.Build.0 = Debug|Any CPU
		{89D0C58C-ECCE-443E-B7D3-2572D20E13BF}.Release|Any CPU.ActiveCfg = Release|Any CPU
		{89D0C58C-ECCE-443E-B7D3-2572D20E13BF}.Release|Any CPU.Build.0 = Release|Any CPU
		{C94BE4EA-A1F7-4B04-AAE2-622E876B24D8}.Debug|Any CPU.ActiveCfg = Debug|Any CPU
		{C94BE4EA-A1F7-4B04-AAE2-622E876B24D8}.Debug|Any CPU.Build.0 = Debug|Any CPU
		{C94BE4EA-A1F7-4B04-AAE2-622E876B24D8}.Release|Any CPU.ActiveCfg = Release|Any CPU
		{C94BE4EA-A1F7-4B04-AAE2-622E876B24D8}.Release|Any CPU.Build.0 = Release|Any CPU
		{FF50BFAE-9521-43D7-A979-87B7CFC80997}.Debug|Any CPU.ActiveCfg = Debug|Any CPU
		{FF50BFAE-9521-43D7-A979-87B7CFC80997}.Debug|Any CPU.Build.0 = Debug|Any CPU
		{FF50BFAE-9521-43D7-A979-87B7CFC80997}.Release|Any CPU.ActiveCfg = Release|Any CPU
		{FF50BFAE-9521-43D7-A979-87B7CFC80997}.Release|Any CPU.Build.0 = Release|Any CPU
	EndGlobalSection
	GlobalSection(SolutionProperties) = preSolution
		HideSolutionNode = FALSE
	EndGlobalSection
	GlobalSection(ExtensibilityGlobals) = postSolution
		SolutionGuid = {1C04C888-F32C-476D-92ED-B74BAB7F95B1}
	EndGlobalSection
EndGlobal
